{
    "version": 3,
    "terraform_version": "0.11.7",
    "serial": 14,
    "lineage": "dfdea5c0-dcf2-081f-19b2-c538688dd361",
    "modules": [
        {
            "path": [
                "root"
            ],
            "outputs": {
                "private_ip": {
                    "sensitive": false,
                    "type": "string",
                    "value": "172.31.10.109"
                },
                "sg_id": {
                    "sensitive": false,
                    "type": "string",
                    "value": "sg-36408d4e"
                }
            },
            "resources": {
                "aws_instance.lesson-one": {
                    "type": "aws_instance",
                    "depends_on": [
                        "aws_key_pair.terraform-key",
                        "aws_security_group.ssh-inbound"
                    ],
                    "primary": {
                        "id": "i-004c0739575e7693e",
                        "attributes": {
                            "ami": "ami-39f8215b",
                            "associate_public_ip_address": "true",
                            "availability_zone": "ap-southeast-2b",
                            "credit_specification.#": "1",
                            "credit_specification.0.cpu_credits": "standard",
                            "disable_api_termination": "false",
                            "ebs_block_device.#": "0",
                            "ebs_optimized": "false",
                            "ephemeral_block_device.#": "0",
                            "get_password_data": "false",
                            "iam_instance_profile": "",
                            "id": "i-004c0739575e7693e",
                            "instance_state": "running",
                            "instance_type": "t2.micro",
                            "ipv6_addresses.#": "0",
                            "key_name": "terraform-key",
                            "monitoring": "false",
                            "network_interface.#": "0",
                            "network_interface_id": "eni-03a8db2e",
                            "password_data": "",
                            "placement_group": "",
                            "primary_network_interface_id": "eni-03a8db2e",
                            "private_dns": "ip-172-31-10-109.ap-southeast-2.compute.internal",
                            "private_ip": "172.31.10.109",
                            "public_dns": "ec2-54-252-197-12.ap-southeast-2.compute.amazonaws.com",
                            "public_ip": "54.252.197.12",
                            "root_block_device.#": "1",
                            "root_block_device.0.delete_on_termination": "true",
                            "root_block_device.0.iops": "100",
                            "root_block_device.0.volume_id": "vol-092d741cea38b18de",
                            "root_block_device.0.volume_size": "8",
                            "root_block_device.0.volume_type": "gp2",
                            "security_groups.#": "1",
                            "security_groups.2200183879": "allow_all",
                            "source_dest_check": "true",
                            "subnet_id": "subnet-79edcb1c",
                            "tags.%": "0",
                            "tenancy": "default",
                            "volume_tags.%": "0",
                            "vpc_security_group_ids.#": "1",
                            "vpc_security_group_ids.1313477562": "sg-36408d4e"
                        },
                        "meta": {
                            "e2bfb730-ecaa-11e6-8f88-34363bc7c4c0": {
                                "create": 600000000000,
                                "delete": 1200000000000,
                                "update": 600000000000
                            },
                            "schema_version": "1"
                        },
                        "tainted": false
                    },
                    "deposed": [],
                    "provider": "provider.aws"
                },
                "aws_key_pair.terraform-key": {
                    "type": "aws_key_pair",
                    "depends_on": [],
                    "primary": {
                        "id": "terraform-key",
                        "attributes": {
                            "id": "terraform-key",
                            "key_name": "terraform-key",
                            "public_key": "ssh-rsa AAAAB3NzaC1yc2EAAAADAQABAAACAQC/0Xl7lakpwlfshARvvWCOBv/iJOlE8mUNFE6xvmp/TJqTEOqaV03SIlMXW4zA7dERPdcb5mHxiZvP5VxMK4PyyTwo2YjNaVoHHE/bpkW07MYlCJ2ssLQB7moRSPwNMh3U0eRU0FXyoAGScxH5+MW9WzumcSm74BhoG7yBu4x4H6RPteJuVC+BTcqGIt+Bi2GkYsh1T62iCOuU/cXGPqxk4I2LtqkrIGq0NByVGeNVmwgKzd5Gd6HQILPH2qmCox4PAIx1YbBlzLpekVjwOojE/Wz1zqpm501XcdjW2T/aWqByfUHkft0SdZMv+TIQWfFWPzezVJ342AdhCL5vFoN+eTxUl/7VmjSMIugkr2CCvqSNRJ5uZPgx+eWV27NltR1q/P+y97g8vnNTzQ080JJsNZ51gJ4QmfQw+xca9J9nK0Y14pB3Q39Lnl/JhNVwZYWsxEoyQwPy0J6WVMBbciWIcR9Y7g1VNfNPoWkDWmuS43wDpcQCWJRvLCB6cybtVEPYDSWOOqT2iF/sUtjVMQYNCdBKE1eqNFiC2RBljyFeNhCC34u5BghMCjWYKcubNh68Y/hbe7KYCHHUlriWaoxfaqx5oX2xRPhAhsCJYXOzZiIwuSGc22TWp1fBlmp03+7FptDNegnvKcEIqOSQLA7/9Fv1DAMGc2hgnGTUXD8NkQ== terraform"
                        },
                        "meta": {
                            "schema_version": "1"
                        },
                        "tainted": false
                    },
                    "deposed": [],
                    "provider": "provider.aws"
                },
                "aws_security_group.ssh-inbound": {
                    "type": "aws_security_group",
                    "depends_on": [],
                    "primary": {
                        "id": "sg-36408d4e",
                        "attributes": {
                            "arn": "arn:aws:ec2:ap-southeast-2:601374407704:security-group/sg-36408d4e",
                            "description": "Allow all inbound traffic",
                            "egress.#": "0",
                            "id": "sg-36408d4e",
                            "ingress.#": "1",
                            "ingress.2541437006.cidr_blocks.#": "1",
                            "ingress.2541437006.cidr_blocks.0": "0.0.0.0/0",
                            "ingress.2541437006.description": "",
                            "ingress.2541437006.from_port": "22",
                            "ingress.2541437006.ipv6_cidr_blocks.#": "0",
                            "ingress.2541437006.protocol": "TCP",
                            "ingress.2541437006.security_groups.#": "0",
                            "ingress.2541437006.self": "false",
                            "ingress.2541437006.to_port": "22",
                            "name": "allow_all",
                            "owner_id": "601374407704",
                            "revoke_rules_on_delete": "false",
                            "tags.%": "0",
                            "vpc_id": "vpc-bf97e5da"
                        },
                        "meta": {
                            "e2bfb730-ecaa-11e6-8f88-34363bc7c4c0": {
                                "create": 600000000000,
                                "delete": 600000000000
                            },
                            "schema_version": "1"
                        },
                        "tainted": false
                    },
                    "deposed": [],
                    "provider": "provider.aws"
                }
            },
            "depends_on": []
        }
    ]
}
