{
    "version": 3,
    "terraform_version": "0.11.7",
    "serial": 4,
    "lineage": "dfdea5c0-dcf2-081f-19b2-c538688dd361",
    "modules": [
        {
            "path": [
                "root"
            ],
            "outputs": {},
            "resources": {
                "aws_instance.lesson-one": {
                    "type": "aws_instance",
                    "depends_on": [],
                    "primary": {
                        "id": "i-062ce86deac737942",
                        "attributes": {
                            "ami": "ami-39f8215b",
                            "associate_public_ip_address": "true",
                            "availability_zone": "ap-southeast-2b",
                            "credit_specification.#": "1",
                            "credit_specification.0.cpu_credits": "standard",
                            "disable_api_termination": "false",
                            "ebs_block_device.#": "0",
                            "ebs_optimized": "false",
                            "ephemeral_block_device.#": "0",
                            "get_password_data": "false",
                            "iam_instance_profile": "",
                            "id": "i-062ce86deac737942",
                            "instance_state": "running",
                            "instance_type": "t2.micro",
                            "ipv6_addresses.#": "0",
                            "key_name": "",
                            "monitoring": "false",
                            "network_interface.#": "0",
                            "network_interface_id": "eni-266e1d0b",
                            "password_data": "",
                            "placement_group": "",
                            "primary_network_interface_id": "eni-266e1d0b",
                            "private_dns": "ip-172-31-12-76.ap-southeast-2.compute.internal",
                            "private_ip": "172.31.12.76",
                            "public_dns": "ec2-52-65-47-21.ap-southeast-2.compute.amazonaws.com",
                            "public_ip": "52.65.47.21",
                            "root_block_device.#": "1",
                            "root_block_device.0.delete_on_termination": "true",
                            "root_block_device.0.iops": "100",
                            "root_block_device.0.volume_id": "vol-0b206482307db1136",
                            "root_block_device.0.volume_size": "8",
                            "root_block_device.0.volume_type": "gp2",
                            "security_groups.#": "1",
                            "security_groups.3814588639": "default",
                            "source_dest_check": "true",
                            "subnet_id": "subnet-79edcb1c",
                            "tags.%": "0",
                            "tenancy": "default",
                            "volume_tags.%": "0",
                            "vpc_security_group_ids.#": "1",
                            "vpc_security_group_ids.116463213": "sg-d99b69bd"
                        },
                        "meta": {
                            "e2bfb730-ecaa-11e6-8f88-34363bc7c4c0": {
                                "create": 600000000000,
                                "delete": 1200000000000,
                                "update": 600000000000
                            },
                            "schema_version": "1"
                        },
                        "tainted": false
                    },
                    "deposed": [],
                    "provider": "provider.aws"
                }
            },
            "depends_on": []
        }
    ]
}
